// !$*UTF8*$!
{
	archiveVersion = 1;
	classes = {
	};
	objectVersion = 46;
	objects = {

/* Begin PBXBuildFile section */
		B9D442E21B2E1A30006DB1EA /* Assets.xcassets in Resources */ = {isa = PBXBuildFile; fileRef = B9D442D61B2E1A30006DB1EA /* Assets.xcassets */; };
		B9D442E31B2E1A30006DB1EA /* LaunchScreen.storyboard in Resources */ = {isa = PBXBuildFile; fileRef = B9D442D71B2E1A30006DB1EA /* LaunchScreen.storyboard */; };
		B9D442E41B2E1A30006DB1EA /* Main.storyboard in Resources */ = {isa = PBXBuildFile; fileRef = B9D442D91B2E1A30006DB1EA /* Main.storyboard */; };
		B9D442E61B2E1A30006DB1EA /* AppDelegate.swift in Sources */ = {isa = PBXBuildFile; fileRef = B9D442DF1B2E1A30006DB1EA /* AppDelegate.swift */; };
		B9D442E71B2E1A30006DB1EA /* ViewController.swift in Sources */ = {isa = PBXBuildFile; fileRef = B9D442E11B2E1A30006DB1EA /* ViewController.swift */; };
		B9D442EF1B2E1A79006DB1EA /* HelpTests.swift in Sources */ = {isa = PBXBuildFile; fileRef = B9D442ED1B2E1A79006DB1EA /* HelpTests.swift */; };
		B9D442F71B2E1AAB006DB1EA /* HelpUITests.swift in Sources */ = {isa = PBXBuildFile; fileRef = B9D442F51B2E1AAB006DB1EA /* HelpUITests.swift */; };
/* End PBXBuildFile section */

/* Begin PBXContainerItemProxy section */
		B9D442B81B2E1637006DB1EA /* PBXContainerItemProxy */ = {
			isa = PBXContainerItemProxy;
			containerPortal = B9D4429B1B2E1637006DB1EA /* Project object */;
			proxyType = 1;
			remoteGlobalIDString = B9D442A21B2E1637006DB1EA;
			remoteInfo = Help;
		};
		B9D442C31B2E1637006DB1EA /* PBXContainerItemProxy */ = {
			isa = PBXContainerItemProxy;
			containerPortal = B9D4429B1B2E1637006DB1EA /* Project object */;
			proxyType = 1;
			remoteGlobalIDString = B9D442A21B2E1637006DB1EA;
			remoteInfo = Help;
		};
/* End PBXContainerItemProxy section */

/* Begin PBXFileReference section */
		B9D442A31B2E1637006DB1EA /* Help.app */ = {isa = PBXFileReference; explicitFileType = wrapper.application; includeInIndex = 0; path = Help.app; sourceTree = BUILT_PRODUCTS_DIR; };
		B9D442B71B2E1637006DB1EA /* HelpTests.xctest */ = {isa = PBXFileReference; explicitFileType = wrapper.cfbundle; includeInIndex = 0; path = HelpTests.xctest; sourceTree = BUILT_PRODUCTS_DIR; };
		B9D442C21B2E1637006DB1EA /* HelpUITests.xctest */ = {isa = PBXFileReference; explicitFileType = wrapper.cfbundle; includeInIndex = 0; path = HelpUITests.xctest; sourceTree = BUILT_PRODUCTS_DIR; };
		B9D442D61B2E1A30006DB1EA /* Assets.xcassets */ = {isa = PBXFileReference; lastKnownFileType = folder.assetcatalog; path = Assets.xcassets; sourceTree = "<group>"; };
		B9D442D81B2E1A30006DB1EA /* Base */ = {isa = PBXFileReference; lastKnownFileType = file.storyboard; name = Base; path = Base.lproj/LaunchScreen.storyboard; sourceTree = "<group>"; };
		B9D442DA1B2E1A30006DB1EA /* Base */ = {isa = PBXFileReference; lastKnownFileType = file.storyboard; name = Base; path = Base.lproj/Main.storyboard; sourceTree = "<group>"; };
		B9D442DB1B2E1A30006DB1EA /* Info.plist */ = {isa = PBXFileReference; fileEncoding = 4; lastKnownFileType = text.plist.xml; path = Info.plist; sourceTree = "<group>"; };
		B9D442DF1B2E1A30006DB1EA /* AppDelegate.swift */ = {isa = PBXFileReference; fileEncoding = 4; lastKnownFileType = sourcecode.swift; path = AppDelegate.swift; sourceTree = "<group>"; };
		B9D442E11B2E1A30006DB1EA /* ViewController.swift */ = {isa = PBXFileReference; fileEncoding = 4; lastKnownFileType = sourcecode.swift; path = ViewController.swift; sourceTree = "<group>"; };
		B9D442EA1B2E1A79006DB1EA /* Info.plist */ = {isa = PBXFileReference; fileEncoding = 4; lastKnownFileType = text.plist.xml; path = Info.plist; sourceTree = "<group>"; };
		B9D442ED1B2E1A79006DB1EA /* HelpTests.swift */ = {isa = PBXFileReference; fileEncoding = 4; lastKnownFileType = sourcecode.swift; path = HelpTests.swift; sourceTree = "<group>"; };
		B9D442F21B2E1AAB006DB1EA /* Info.plist */ = {isa = PBXFileReference; fileEncoding = 4; lastKnownFileType = text.plist.xml; path = Info.plist; sourceTree = "<group>"; };
		B9D442F51B2E1AAB006DB1EA /* HelpUITests.swift */ = {isa = PBXFileReference; fileEncoding = 4; lastKnownFileType = sourcecode.swift; path = HelpUITests.swift; sourceTree = "<group>"; };
/* End PBXFileReference section */

/* Begin PBXFrameworksBuildPhase section */
		B9D442A01B2E1637006DB1EA /* Frameworks */ = {
			isa = PBXFrameworksBuildPhase;
			buildActionMask = 2147483647;
			files = (
			);
			runOnlyForDeploymentPostprocessing = 0;
		};
		B9D442B41B2E1637006DB1EA /* Frameworks */ = {
			isa = PBXFrameworksBuildPhase;
			buildActionMask = 2147483647;
			files = (
			);
			runOnlyForDeploymentPostprocessing = 0;
		};
		B9D442BF1B2E1637006DB1EA /* Frameworks */ = {
			isa = PBXFrameworksBuildPhase;
			buildActionMask = 2147483647;
			files = (
			);
			runOnlyForDeploymentPostprocessing = 0;
		};
/* End PBXFrameworksBuildPhase section */

/* Begin PBXGroup section */
		B9D4429A1B2E1637006DB1EA = {
			isa = PBXGroup;
			children = (
				B9D442D41B2E1A30006DB1EA /* Help */,
				B9D442E81B2E1A79006DB1EA /* HelpTests */,
				B9D442F01B2E1AAB006DB1EA /* HelpUITests */,
				B9D442A41B2E1637006DB1EA /* Products */,
			);
			sourceTree = "<group>";
		};
		B9D442A41B2E1637006DB1EA /* Products */ = {
			isa = PBXGroup;
			children = (
				B9D442A31B2E1637006DB1EA /* Help.app */,
				B9D442B71B2E1637006DB1EA /* HelpTests.xctest */,
				B9D442C21B2E1637006DB1EA /* HelpUITests.xctest */,
			);
			name = Products;
			sourceTree = "<group>";
		};
		B9D442D41B2E1A30006DB1EA /* Help */ = {
			isa = PBXGroup;
			children = (
				B9D442D51B2E1A30006DB1EA /* Resources */,
				B9D442DC1B2E1A30006DB1EA /* Source */,
			);
			path = Help;
			sourceTree = "<group>";
		};
		B9D442D51B2E1A30006DB1EA /* Resources */ = {
			isa = PBXGroup;
			children = (
				B9D442D61B2E1A30006DB1EA /* Assets.xcassets */,
				B9D442D71B2E1A30006DB1EA /* LaunchScreen.storyboard */,
				B9D442D91B2E1A30006DB1EA /* Main.storyboard */,
				B9D442DB1B2E1A30006DB1EA /* Info.plist */,
			);
			path = Resources;
			sourceTree = "<group>";
		};
		B9D442DC1B2E1A30006DB1EA /* Source */ = {
			isa = PBXGroup;
			children = (
				B9D442DD1B2E1A30006DB1EA /* Classes */,
			);
			path = Source;
			sourceTree = "<group>";
		};
		B9D442DD1B2E1A30006DB1EA /* Classes */ = {
			isa = PBXGroup;
			children = (
				B9D442DE1B2E1A30006DB1EA /* Application */,
				B9D442E01B2E1A30006DB1EA /* View Controllers */,
			);
			path = Classes;
			sourceTree = "<group>";
		};
		B9D442DE1B2E1A30006DB1EA /* Application */ = {
			isa = PBXGroup;
			children = (
				B9D442DF1B2E1A30006DB1EA /* AppDelegate.swift */,
			);
			path = Application;
			sourceTree = "<group>";
		};
		B9D442E01B2E1A30006DB1EA /* View Controllers */ = {
			isa = PBXGroup;
			children = (
				B9D442E11B2E1A30006DB1EA /* ViewController.swift */,
			);
			path = "View Controllers";
			sourceTree = "<group>";
		};
		B9D442E81B2E1A79006DB1EA /* HelpTests */ = {
			isa = PBXGroup;
			children = (
				B9D442E91B2E1A79006DB1EA /* Resources */,
				B9D442EB1B2E1A79006DB1EA /* Sources */,
			);
			path = HelpTests;
			sourceTree = "<group>";
		};
		B9D442E91B2E1A79006DB1EA /* Resources */ = {
			isa = PBXGroup;
			children = (
				B9D442EA1B2E1A79006DB1EA /* Info.plist */,
			);
			path = Resources;
			sourceTree = "<group>";
		};
		B9D442EB1B2E1A79006DB1EA /* Sources */ = {
			isa = PBXGroup;
			children = (
				B9D442EC1B2E1A79006DB1EA /* Classes */,
			);
			path = Sources;
			sourceTree = "<group>";
		};
		B9D442EC1B2E1A79006DB1EA /* Classes */ = {
			isa = PBXGroup;
			children = (
				B9D442ED1B2E1A79006DB1EA /* HelpTests.swift */,
			);
			path = Classes;
			sourceTree = "<group>";
		};
		B9D442F01B2E1AAB006DB1EA /* HelpUITests */ = {
			isa = PBXGroup;
			children = (
				B9D442F11B2E1AAB006DB1EA /* Resources */,
				B9D442F31B2E1AAB006DB1EA /* Sources */,
			);
			path = HelpUITests;
			sourceTree = "<group>";
		};
		B9D442F11B2E1AAB006DB1EA /* Resources */ = {
			isa = PBXGroup;
			children = (
				B9D442F21B2E1AAB006DB1EA /* Info.plist */,
			);
			path = Resources;
			sourceTree = "<group>";
		};
		B9D442F31B2E1AAB006DB1EA /* Sources */ = {
			isa = PBXGroup;
			children = (
				B9D442F41B2E1AAB006DB1EA /* Classes */,
			);
			path = Sources;
			sourceTree = "<group>";
		};
		B9D442F41B2E1AAB006DB1EA /* Classes */ = {
			isa = PBXGroup;
			children = (
				B9D442F51B2E1AAB006DB1EA /* HelpUITests.swift */,
			);
			path = Classes;
			sourceTree = "<group>";
		};
/* End PBXGroup section */

/* Begin PBXNativeTarget section */
		B9D442A21B2E1637006DB1EA /* Help */ = {
			isa = PBXNativeTarget;
			buildConfigurationList = B9D442CB1B2E1637006DB1EA /* Build configuration list for PBXNativeTarget "Help" */;
			buildPhases = (
				B9D4429F1B2E1637006DB1EA /* Sources */,
				B9D442A01B2E1637006DB1EA /* Frameworks */,
				B9D442A11B2E1637006DB1EA /* Resources */,
			);
			buildRules = (
			);
			dependencies = (
			);
			name = Help;
			productName = Help;
			productReference = B9D442A31B2E1637006DB1EA /* Help.app */;
			productType = "com.apple.product-type.application";
		};
		B9D442B61B2E1637006DB1EA /* HelpTests */ = {
			isa = PBXNativeTarget;
			buildConfigurationList = B9D442CE1B2E1637006DB1EA /* Build configuration list for PBXNativeTarget "HelpTests" */;
			buildPhases = (
				B9D442B31B2E1637006DB1EA /* Sources */,
				B9D442B41B2E1637006DB1EA /* Frameworks */,
				B9D442B51B2E1637006DB1EA /* Resources */,
			);
			buildRules = (
			);
			dependencies = (
				B9D442B91B2E1637006DB1EA /* PBXTargetDependency */,
			);
			name = HelpTests;
			productName = HelpTests;
			productReference = B9D442B71B2E1637006DB1EA /* HelpTests.xctest */;
			productType = "com.apple.product-type.bundle.unit-test";
		};
		B9D442C11B2E1637006DB1EA /* HelpUITests */ = {
			isa = PBXNativeTarget;
			buildConfigurationList = B9D442D11B2E1637006DB1EA /* Build configuration list for PBXNativeTarget "HelpUITests" */;
			buildPhases = (
				B9D442BE1B2E1637006DB1EA /* Sources */,
				B9D442BF1B2E1637006DB1EA /* Frameworks */,
				B9D442C01B2E1637006DB1EA /* Resources */,
			);
			buildRules = (
			);
			dependencies = (
				B9D442C41B2E1637006DB1EA /* PBXTargetDependency */,
			);
			name = HelpUITests;
			productName = HelpUITests;
			productReference = B9D442C21B2E1637006DB1EA /* HelpUITests.xctest */;
			productType = "com.apple.product-type.bundle.ui-testing";
		};
/* End PBXNativeTarget section */

/* Begin PBXProject section */
		B9D4429B1B2E1637006DB1EA /* Project object */ = {
			isa = PBXProject;
			attributes = {
				LastUpgradeCheck = 0700;
				ORGANIZATIONNAME = "Julian Grosshauser";
				TargetAttributes = {
					B9D442A21B2E1637006DB1EA = {
						CreatedOnToolsVersion = 7.0;
					};
					B9D442B61B2E1637006DB1EA = {
						CreatedOnToolsVersion = 7.0;
						TestTargetID = B9D442A21B2E1637006DB1EA;
					};
					B9D442C11B2E1637006DB1EA = {
						CreatedOnToolsVersion = 7.0;
						TestTargetID = B9D442A21B2E1637006DB1EA;
					};
				};
			};
			buildConfigurationList = B9D4429E1B2E1637006DB1EA /* Build configuration list for PBXProject "Help" */;
			compatibilityVersion = "Xcode 3.2";
			developmentRegion = English;
			hasScannedForEncodings = 0;
			knownRegions = (
				en,
				Base,
			);
			mainGroup = B9D4429A1B2E1637006DB1EA;
			productRefGroup = B9D442A41B2E1637006DB1EA /* Products */;
			projectDirPath = "";
			projectRoot = "";
			targets = (
				B9D442A21B2E1637006DB1EA /* Help */,
				B9D442B61B2E1637006DB1EA /* HelpTests */,
				B9D442C11B2E1637006DB1EA /* HelpUITests */,
			);
		};
/* End PBXProject section */

/* Begin PBXResourcesBuildPhase section */
		B9D442A11B2E1637006DB1EA /* Resources */ = {
			isa = PBXResourcesBuildPhase;
			buildActionMask = 2147483647;
			files = (
				B9D442E41B2E1A30006DB1EA /* Main.storyboard in Resources */,
				B9D442E21B2E1A30006DB1EA /* Assets.xcassets in Resources */,
				B9D442E31B2E1A30006DB1EA /* LaunchScreen.storyboard in Resources */,
			);
			runOnlyForDeploymentPostprocessing = 0;
		};
		B9D442B51B2E1637006DB1EA /* Resources */ = {
			isa = PBXResourcesBuildPhase;
			buildActionMask = 2147483647;
			files = (
			);
			runOnlyForDeploymentPostprocessing = 0;
		};
		B9D442C01B2E1637006DB1EA /* Resources */ = {
			isa = PBXResourcesBuildPhase;
			buildActionMask = 2147483647;
			files = (
			);
			runOnlyForDeploymentPostprocessing = 0;
		};
/* End PBXResourcesBuildPhase section */

/* Begin PBXSourcesBuildPhase section */
		B9D4429F1B2E1637006DB1EA /* Sources */ = {
			isa = PBXSourcesBuildPhase;
			buildActionMask = 2147483647;
			files = (
				B9D442E71B2E1A30006DB1EA /* ViewController.swift in Sources */,
				B9D442E61B2E1A30006DB1EA /* AppDelegate.swift in Sources */,
			);
			runOnlyForDeploymentPostprocessing = 0;
		};
		B9D442B31B2E1637006DB1EA /* Sources */ = {
			isa = PBXSourcesBuildPhase;
			buildActionMask = 2147483647;
			files = (
				B9D442EF1B2E1A79006DB1EA /* HelpTests.swift in Sources */,
			);
			runOnlyForDeploymentPostprocessing = 0;
		};
		B9D442BE1B2E1637006DB1EA /* Sources */ = {
			isa = PBXSourcesBuildPhase;
			buildActionMask = 2147483647;
			files = (
				B9D442F71B2E1AAB006DB1EA /* HelpUITests.swift in Sources */,
			);
			runOnlyForDeploymentPostprocessing = 0;
		};
/* End PBXSourcesBuildPhase section */

/* Begin PBXTargetDependency section */
		B9D442B91B2E1637006DB1EA /* PBXTargetDependency */ = {
			isa = PBXTargetDependency;
			target = B9D442A21B2E1637006DB1EA /* Help */;
			targetProxy = B9D442B81B2E1637006DB1EA /* PBXContainerItemProxy */;
		};
		B9D442C41B2E1637006DB1EA /* PBXTargetDependency */ = {
			isa = PBXTargetDependency;
			target = B9D442A21B2E1637006DB1EA /* Help */;
			targetProxy = B9D442C31B2E1637006DB1EA /* PBXContainerItemProxy */;
		};
/* End PBXTargetDependency section */

/* Begin PBXVariantGroup section */
		B9D442D71B2E1A30006DB1EA /* LaunchScreen.storyboard */ = {
			isa = PBXVariantGroup;
			children = (
				B9D442D81B2E1A30006DB1EA /* Base */,
			);
			name = LaunchScreen.storyboard;
			sourceTree = "<group>";
		};
		B9D442D91B2E1A30006DB1EA /* Main.storyboard */ = {
			isa = PBXVariantGroup;
			children = (
				B9D442DA1B2E1A30006DB1EA /* Base */,
			);
			name = Main.storyboard;
			sourceTree = "<group>";
		};
/* End PBXVariantGroup section */

/* Begin XCBuildConfiguration section */
		B9D442C91B2E1637006DB1EA /* Debug */ = {
			isa = XCBuildConfiguration;
			buildSettings = {
				ALWAYS_SEARCH_USER_PATHS = NO;
				CLANG_CXX_LANGUAGE_STANDARD = "gnu++0x";
				CLANG_CXX_LIBRARY = "libc++";
				CLANG_ENABLE_MODULES = YES;
				CLANG_ENABLE_OBJC_ARC = YES;
				CLANG_WARN_BOOL_CONVERSION = YES;
				CLANG_WARN_CONSTANT_CONVERSION = YES;
				CLANG_WARN_DIRECT_OBJC_ISA_USAGE = YES_ERROR;
				CLANG_WARN_EMPTY_BODY = YES;
				CLANG_WARN_ENUM_CONVERSION = YES;
				CLANG_WARN_INT_CONVERSION = YES;
				CLANG_WARN_OBJC_ROOT_CLASS = YES_ERROR;
				CLANG_WARN_UNREACHABLE_CODE = YES;
				CLANG_WARN__DUPLICATE_METHOD_MATCH = YES;
				"CODE_SIGN_IDENTITY[sdk=iphoneos*]" = "iPhone Developer";
				COPY_PHASE_STRIP = NO;
				DEBUG_INFORMATION_FORMAT = dwarf;
				ENABLE_STRICT_OBJC_MSGSEND = YES;
				ENABLE_TESTABILITY = YES;
				GCC_C_LANGUAGE_STANDARD = gnu99;
				GCC_DYNAMIC_NO_PIC = NO;
				GCC_NO_COMMON_BLOCKS = YES;
				GCC_OPTIMIZATION_LEVEL = 0;
				GCC_PREPROCESSOR_DEFINITIONS = (
					"DEBUG=1",
					"$(inherited)",
				);
				GCC_WARN_64_TO_32_BIT_CONVERSION = YES;
				GCC_WARN_ABOUT_RETURN_TYPE = YES_ERROR;
				GCC_WARN_UNDECLARED_SELECTOR = YES;
				GCC_WARN_UNINITIALIZED_AUTOS = YES_AGGRESSIVE;
				GCC_WARN_UNUSED_FUNCTION = YES;
				GCC_WARN_UNUSED_VARIABLE = YES;
				IPHONEOS_DEPLOYMENT_TARGET = 9.0;
				MTL_ENABLE_DEBUG_INFO = YES;
				ONLY_ACTIVE_ARCH = YES;
				SDKROOT = iphoneos;
				SWIFT_OPTIMIZATION_LEVEL = "-Onone";
				TARGETED_DEVICE_FAMILY = "1,2";
			};
			name = Debug;
		};
		B9D442CA1B2E1637006DB1EA /* Release */ = {
			isa = XCBuildConfiguration;
			buildSettings = {
				ALWAYS_SEARCH_USER_PATHS = NO;
				CLANG_CXX_LANGUAGE_STANDARD = "gnu++0x";
				CLANG_CXX_LIBRARY = "libc++";
				CLANG_ENABLE_MODULES = YES;
				CLANG_ENABLE_OBJC_ARC = YES;
				CLANG_WARN_BOOL_CONVERSION = YES;
				CLANG_WARN_CONSTANT_CONVERSION = YES;
				CLANG_WARN_DIRECT_OBJC_ISA_USAGE = YES_ERROR;
				CLANG_WARN_EMPTY_BODY = YES;
				CLANG_WARN_ENUM_CONVERSION = YES;
				CLANG_WARN_INT_CONVERSION = YES;
				CLANG_WARN_OBJC_ROOT_CLASS = YES_ERROR;
				CLANG_WARN_UNREACHABLE_CODE = YES;
				CLANG_WARN__DUPLICATE_METHOD_MATCH = YES;
				"CODE_SIGN_IDENTITY[sdk=iphoneos*]" = "iPhone Developer";
				COPY_PHASE_STRIP = NO;
				DEBUG_INFORMATION_FORMAT = "dwarf-with-dsym";
				ENABLE_NS_ASSERTIONS = NO;
				ENABLE_STRICT_OBJC_MSGSEND = YES;
				GCC_C_LANGUAGE_STANDARD = gnu99;
				GCC_NO_COMMON_BLOCKS = YES;
				GCC_WARN_64_TO_32_BIT_CONVERSION = YES;
				GCC_WARN_ABOUT_RETURN_TYPE = YES_ERROR;
				GCC_WARN_UNDECLARED_SELECTOR = YES;
				GCC_WARN_UNINITIALIZED_AUTOS = YES_AGGRESSIVE;
				GCC_WARN_UNUSED_FUNCTION = YES;
				GCC_WARN_UNUSED_VARIABLE = YES;
				IPHONEOS_DEPLOYMENT_TARGET = 9.0;
				MTL_ENABLE_DEBUG_INFO = NO;
				SDKROOT = iphoneos;
				TARGETED_DEVICE_FAMILY = "1,2";
				VALIDATE_PRODUCT = YES;
			};
			name = Release;
		};
		B9D442CC1B2E1637006DB1EA /* Debug */ = {
			isa = XCBuildConfiguration;
			buildSettings = {
				ASSETCATALOG_COMPILER_APPICON_NAME = AppIcon;
				INFOPLIST_FILE = "$(PRODUCT_NAME)/Resources/Info.plist";
				LD_RUNPATH_SEARCH_PATHS = "$(inherited) @executable_path/Frameworks";
				PRODUCT_BUNDLE_IDENTIFIER = com.juliangrosshauser.Help;
				PRODUCT_NAME = "$(TARGET_NAME)";
			};
			name = Debug;
		};
		B9D442CD1B2E1637006DB1EA /* Release */ = {
			isa = XCBuildConfiguration;
			buildSettings = {
				ASSETCATALOG_COMPILER_APPICON_NAME = AppIcon;
				INFOPLIST_FILE = "$(PRODUCT_NAME)/Resources/Info.plist";
				LD_RUNPATH_SEARCH_PATHS = "$(inherited) @executable_path/Frameworks";
				PRODUCT_BUNDLE_IDENTIFIER = com.juliangrosshauser.Help;
				PRODUCT_NAME = "$(TARGET_NAME)";
			};
			name = Release;
		};
		B9D442CF1B2E1637006DB1EA /* Debug */ = {
			isa = XCBuildConfiguration;
			buildSettings = {
				BUNDLE_LOADER = "$(TEST_HOST)";
				INFOPLIST_FILE = "$(PRODUCT_NAME)/Resources/Info.plist";
				LD_RUNPATH_SEARCH_PATHS = "$(inherited) @executable_path/Frameworks @loader_path/Frameworks";
				PRODUCT_BUNDLE_IDENTIFIER = com.juliangrosshauser.HelpTests;
				PRODUCT_NAME = "$(TARGET_NAME)";
				TEST_HOST = "$(BUILT_PRODUCTS_DIR)/Help.app/Help";
			};
			name = Debug;
		};
		B9D442D01B2E1637006DB1EA /* Release */ = {
			isa = XCBuildConfiguration;
			buildSettings = {
				BUNDLE_LOADER = "$(TEST_HOST)";
				INFOPLIST_FILE = "$(PRODUCT_NAME)/Resources/Info.plist";
				LD_RUNPATH_SEARCH_PATHS = "$(inherited) @executable_path/Frameworks @loader_path/Frameworks";
				PRODUCT_BUNDLE_IDENTIFIER = com.juliangrosshauser.HelpTests;
				PRODUCT_NAME = "$(TARGET_NAME)";
				TEST_HOST = "$(BUILT_PRODUCTS_DIR)/Help.app/Help";
			};
			name = Release;
		};
		B9D442D21B2E1637006DB1EA /* Debug */ = {
			isa = XCBuildConfiguration;
			buildSettings = {
				INFOPLIST_FILE = "$(PRODUCT_NAME)/Resources/Info.plist";
				LD_RUNPATH_SEARCH_PATHS = "$(inherited) @executable_path/Frameworks @loader_path/Frameworks";
				PRODUCT_BUNDLE_IDENTIFIER = com.juliangrosshauser.HelpUITests;
				PRODUCT_NAME = "$(TARGET_NAME)";
				TEST_TARGET_NAME = Help;
				USES_XCTRUNNER = YES;
			};
			name = Debug;
		};
		B9D442D31B2E1637006DB1EA /* Release */ = {
			isa = XCBuildConfiguration;
			buildSettings = {
				INFOPLIST_FILE = "$(PRODUCT_NAME)/Resources/Info.plist";
				LD_RUNPATH_SEARCH_PATHS = "$(inherited) @executable_path/Frameworks @loader_path/Frameworks";
				PRODUCT_BUNDLE_IDENTIFIER = com.juliangrosshauser.HelpUITests;
				PRODUCT_NAME = "$(TARGET_NAME)";
				TEST_TARGET_NAME = Help;
				USES_XCTRUNNER = YES;
			};
			name = Release;
		};
/* End XCBuildConfiguration section */

/* Begin XCConfigurationList section */
		B9D4429E1B2E1637006DB1EA /* Build configuration list for PBXProject "Help" */ = {
			isa = XCConfigurationList;
			buildConfigurations = (
				B9D442C91B2E1637006DB1EA /* Debug */,
				B9D442CA1B2E1637006DB1EA /* Release */,
			);
			defaultConfigurationIsVisible = 0;
			defaultConfigurationName = Release;
		};
		B9D442CB1B2E1637006DB1EA /* Build configuration list for PBXNativeTarget "Help" */ = {
			isa = XCConfigurationList;
			buildConfigurations = (
				B9D442CC1B2E1637006DB1EA /* Debug */,
				B9D442CD1B2E1637006DB1EA /* Release */,
			);
			defaultConfigurationIsVisible = 0;
		};
		B9D442CE1B2E1637006DB1EA /* Build configuration list for PBXNativeTarget "HelpTests" */ = {
			isa = XCConfigurationList;
			buildConfigurations = (
				B9D442CF1B2E1637006DB1EA /* Debug */,
				B9D442D01B2E1637006DB1EA /* Release */,
			);
			defaultConfigurationIsVisible = 0;
		};
		B9D442D11B2E1637006DB1EA /* Build configuration list for PBXNativeTarget "HelpUITests" */ = {
			isa = XCConfigurationList;
			buildConfigurations = (
				B9D442D21B2E1637006DB1EA /* Debug */,
				B9D442D31B2E1637006DB1EA /* Release */,
			);
			defaultConfigurationIsVisible = 0;
		};
/* End XCConfigurationList section */
	};
	rootObject = B9D4429B1B2E1637006DB1EA /* Project object */;
}
